
Microsoft Visual Studio Solution File, Format Version 12.00
# Visual Studio Version 17
VisualStudioVersion = 17.11.35327.3
MinimumVisualStudioVersion = 10.0.40219.1
Project("{FAE04EC0-301F-11D3-BF4B-00C04F79EFBC}") = "SchedulingReportingService", "SchedulingReportingService.csproj", "{DA9D67B8-0776-40BC-8454-0DB148E737DA}"
EndProject
Global
	GlobalSection(SolutionConfigurationPlatforms) = preSolution
		Debug|Any CPU = Debug|Any CPU
		Release|Any CPU = Release|Any CPU
	EndGlobalSection
	GlobalSection(ProjectConfigurationPlatforms) = postSolution
		{DA9D67B8-0776-40BC-8454-0DB148E737DA}.Debug|Any CPU.ActiveCfg = Debug|Any CPU
		{DA9D67B8-0776-40BC-8454-0DB148E737DA}.Debug|Any CPU.Build.0 = Debug|Any CPU
		{DA9D67B8-0776-40BC-8454-0DB148E737DA}.Release|Any CPU.ActiveCfg = Release|Any CPU
		{DA9D67B8-0776-40BC-8454-0DB148E737DA}.Release|Any CPU.Build.0 = Release|Any CPU
	EndGlobalSection
	GlobalSection(SolutionProperties) = preSolution
		HideSolutionNode = FALSE
	EndGlobalSection
	GlobalSection(ExtensibilityGlobals) = postSolution
		SolutionGuid = {E6A79E33-ADED-4233-B6C8-0643F80DD6CC}
	EndGlobalSection
EndGlobal
